
Microsoft Visual Studio Solution File, Format Version 12.00
# Visual Studio Version 16
VisualStudioVersion = 16.0.28803.156
MinimumVisualStudioVersion = 10.0.40219.1
Project("{FAE04EC0-301F-11D3-BF4B-00C04F79EFBC}") = "FingerPrint", "FingerPrint\FingerPrint.csproj", "{A65F9612-FDF2-43D8-8014-EDA8AF489FBF}"
EndProject
Global
	GlobalSection(SolutionConfigurationPlatforms) = preSolution
		Debug|Any CPU = Debug|Any CPU
		Release|Any CPU = Release|Any CPU
	EndGlobalSection
	GlobalSection(ProjectConfigurationPlatforms) = postSolution
		{A65F9612-FDF2-43D8-8014-EDA8AF489FBF}.Debug|Any CPU.ActiveCfg = Debug|Any CPU
		{A65F9612-FDF2-43D8-8014-EDA8AF489FBF}.Debug|Any CPU.Build.0 = Debug|Any CPU
		{A65F9612-FDF2-43D8-8014-EDA8AF489FBF}.Release|Any CPU.ActiveCfg = Release|Any CPU
		{A65F9612-FDF2-43D8-8014-EDA8AF489FBF}.Release|Any CPU.Build.0 = Release|Any CPU
	EndGlobalSection
	GlobalSection(SolutionProperties) = preSolution
		HideSolutionNode = FALSE
	EndGlobalSection
	GlobalSection(ExtensibilityGlobals) = postSolution
		SolutionGuid = {01DF72EC-A0D6-44E9-8823-193BA2BC0200}
	EndGlobalSection
EndGlobal
